
Microsoft Visual Studio Solution File, Format Version 12.00
# Visual Studio 15
VisualStudioVersion = 15.0.28307.1433
MinimumVisualStudioVersion = 10.0.40219.1
Project("{FAE04EC0-301F-11D3-BF4B-00C04F79EFBC}") = "SignalR", "SignalR\SignalR.csproj", "{AD0E64F6-6F93-4804-A4C1-D5070A871C4E}"
EndProject
Project("{FAE04EC0-301F-11D3-BF4B-00C04F79EFBC}") = "Dto", "Dto\Dto.csproj", "{9EB97AAD-F98E-4DBE-991C-0E854C8F8ADC}"
EndProject
Project("{FAE04EC0-301F-11D3-BF4B-00C04F79EFBC}") = "Signalr2", "Signalr2\Signalr2.csproj", "{96EB6A5A-0741-4E8C-BA47-12EFA007348B}"
EndProject
Global
	GlobalSection(SolutionConfigurationPlatforms) = preSolution
		Debug|Any CPU = Debug|Any CPU
		Release|Any CPU = Release|Any CPU
	EndGlobalSection
	GlobalSection(ProjectConfigurationPlatforms) = postSolution
		{AD0E64F6-6F93-4804-A4C1-D5070A871C4E}.Debug|Any CPU.ActiveCfg = Debug|Any CPU
		{AD0E64F6-6F93-4804-A4C1-D5070A871C4E}.Debug|Any CPU.Build.0 = Debug|Any CPU
		{AD0E64F6-6F93-4804-A4C1-D5070A871C4E}.Release|Any CPU.ActiveCfg = Release|Any CPU
		{AD0E64F6-6F93-4804-A4C1-D5070A871C4E}.Release|Any CPU.Build.0 = Release|Any CPU
		{9EB97AAD-F98E-4DBE-991C-0E854C8F8ADC}.Debug|Any CPU.ActiveCfg = Debug|Any CPU
		{9EB97AAD-F98E-4DBE-991C-0E854C8F8ADC}.Debug|Any CPU.Build.0 = Debug|Any CPU
		{9EB97AAD-F98E-4DBE-991C-0E854C8F8ADC}.Release|Any CPU.ActiveCfg = Release|Any CPU
		{9EB97AAD-F98E-4DBE-991C-0E854C8F8ADC}.Release|Any CPU.Build.0 = Release|Any CPU
		{96EB6A5A-0741-4E8C-BA47-12EFA007348B}.Debug|Any CPU.ActiveCfg = Debug|Any CPU
		{96EB6A5A-0741-4E8C-BA47-12EFA007348B}.Debug|Any CPU.Build.0 = Debug|Any CPU
		{96EB6A5A-0741-4E8C-BA47-12EFA007348B}.Release|Any CPU.ActiveCfg = Release|Any CPU
		{96EB6A5A-0741-4E8C-BA47-12EFA007348B}.Release|Any CPU.Build.0 = Release|Any CPU
	EndGlobalSection
	GlobalSection(SolutionProperties) = preSolution
		HideSolutionNode = FALSE
	EndGlobalSection
	GlobalSection(ExtensibilityGlobals) = postSolution
		SolutionGuid = {172196DA-860A-4818-BD1E-C36478DAB105}
	EndGlobalSection
EndGlobal
